
Microsoft Visual Studio Solution File, Format Version 12.00
# Visual Studio Version 16
VisualStudioVersion = 16.0.31402.337
MinimumVisualStudioVersion = 10.0.40219.1
Project("{FAE04EC0-301F-11D3-BF4B-00C04F79EFBC}") = "WebApiSegura", "WebApiSegura\WebApiSegura.csproj", "{E8BD62F6-CAAC-4807-99B2-5194B2F870F1}"
EndProject
Global
	GlobalSection(SolutionConfigurationPlatforms) = preSolution
		Debug|Any CPU = Debug|Any CPU
		Release|Any CPU = Release|Any CPU
	EndGlobalSection
	GlobalSection(ProjectConfigurationPlatforms) = postSolution
		{E8BD62F6-CAAC-4807-99B2-5194B2F870F1}.Debug|Any CPU.ActiveCfg = Debug|Any CPU
		{E8BD62F6-CAAC-4807-99B2-5194B2F870F1}.Debug|Any CPU.Build.0 = Debug|Any CPU
		{E8BD62F6-CAAC-4807-99B2-5194B2F870F1}.Release|Any CPU.ActiveCfg = Release|Any CPU
		{E8BD62F6-CAAC-4807-99B2-5194B2F870F1}.Release|Any CPU.Build.0 = Release|Any CPU
	EndGlobalSection
	GlobalSection(SolutionProperties) = preSolution
		HideSolutionNode = FALSE
	EndGlobalSection
	GlobalSection(ExtensibilityGlobals) = postSolution
		SolutionGuid = {4EFCC963-8566-4B85-9313-6EE082AAE3DC}
	EndGlobalSection
EndGlobal
